
Microsoft Visual Studio Solution File, Format Version 11.00
# Visual Studio 2010
Project("{FAE04EC0-301F-11D3-BF4B-00C04F79EFBC}") = "薪资管理系统", "薪资管理系统\薪资管理系统.csproj", "{42B76747-4E8E-4DAC-8E4D-328CBE0A93C2}"
EndProject
Project("{FAE04EC0-301F-11D3-BF4B-00C04F79EFBC}") = "SalarySystem.Core", "salary.common\SalarySystem.Core.csproj", "{388084F8-E14B-4B60-9580-20A74B1A5979}"
EndProject
Project("{FAE04EC0-301F-11D3-BF4B-00C04F79EFBC}") = "salary.calculator.fix", "salary.calcularor.fix\salary.calculator.fix.csproj", "{A1CC8102-C5CE-4531-B8B6-DCEC15E338A1}"
EndProject
Project("{FAE04EC0-301F-11D3-BF4B-00C04F79EFBC}") = "SalarySystem.Performance", "salary.performance\SalarySystem.Performance.csproj", "{FD23C054-0F5E-4251-8281-0820319F2C0A}"
EndProject
Global
	GlobalSection(SolutionConfigurationPlatforms) = preSolution
		Debug|Any CPU = Debug|Any CPU
		Debug|Mixed Platforms = Debug|Mixed Platforms
		Debug|x86 = Debug|x86
		Release|Any CPU = Release|Any CPU
		Release|Mixed Platforms = Release|Mixed Platforms
		Release|x86 = Release|x86
	EndGlobalSection
	GlobalSection(ProjectConfigurationPlatforms) = postSolution
		{42B76747-4E8E-4DAC-8E4D-328CBE0A93C2}.Debug|Any CPU.ActiveCfg = Debug|x86
		{42B76747-4E8E-4DAC-8E4D-328CBE0A93C2}.Debug|Mixed Platforms.ActiveCfg = Debug|x86
		{42B76747-4E8E-4DAC-8E4D-328CBE0A93C2}.Debug|Mixed Platforms.Build.0 = Debug|x86
		{42B76747-4E8E-4DAC-8E4D-328CBE0A93C2}.Debug|x86.ActiveCfg = Debug|x86
		{42B76747-4E8E-4DAC-8E4D-328CBE0A93C2}.Debug|x86.Build.0 = Debug|x86
		{42B76747-4E8E-4DAC-8E4D-328CBE0A93C2}.Release|Any CPU.ActiveCfg = Release|x86
		{42B76747-4E8E-4DAC-8E4D-328CBE0A93C2}.Release|Mixed Platforms.ActiveCfg = Release|x86
		{42B76747-4E8E-4DAC-8E4D-328CBE0A93C2}.Release|Mixed Platforms.Build.0 = Release|x86
		{42B76747-4E8E-4DAC-8E4D-328CBE0A93C2}.Release|x86.ActiveCfg = Release|x86
		{42B76747-4E8E-4DAC-8E4D-328CBE0A93C2}.Release|x86.Build.0 = Release|x86
		{388084F8-E14B-4B60-9580-20A74B1A5979}.Debug|Any CPU.ActiveCfg = Debug|Any CPU
		{388084F8-E14B-4B60-9580-20A74B1A5979}.Debug|Any CPU.Build.0 = Debug|Any CPU
		{388084F8-E14B-4B60-9580-20A74B1A5979}.Debug|Mixed Platforms.ActiveCfg = Debug|Any CPU
		{388084F8-E14B-4B60-9580-20A74B1A5979}.Debug|Mixed Platforms.Build.0 = Debug|Any CPU
		{388084F8-E14B-4B60-9580-20A74B1A5979}.Debug|x86.ActiveCfg = Debug|Any CPU
		{388084F8-E14B-4B60-9580-20A74B1A5979}.Release|Any CPU.ActiveCfg = Release|Any CPU
		{388084F8-E14B-4B60-9580-20A74B1A5979}.Release|Any CPU.Build.0 = Release|Any CPU
		{388084F8-E14B-4B60-9580-20A74B1A5979}.Release|Mixed Platforms.ActiveCfg = Release|Any CPU
		{388084F8-E14B-4B60-9580-20A74B1A5979}.Release|Mixed Platforms.Build.0 = Release|Any CPU
		{388084F8-E14B-4B60-9580-20A74B1A5979}.Release|x86.ActiveCfg = Release|Any CPU
		{A1CC8102-C5CE-4531-B8B6-DCEC15E338A1}.Debug|Any CPU.ActiveCfg = Debug|Any CPU
		{A1CC8102-C5CE-4531-B8B6-DCEC15E338A1}.Debug|Any CPU.Build.0 = Debug|Any CPU
		{A1CC8102-C5CE-4531-B8B6-DCEC15E338A1}.Debug|Mixed Platforms.ActiveCfg = Debug|Any CPU
		{A1CC8102-C5CE-4531-B8B6-DCEC15E338A1}.Debug|Mixed Platforms.Build.0 = Debug|Any CPU
		{A1CC8102-C5CE-4531-B8B6-DCEC15E338A1}.Debug|x86.ActiveCfg = Debug|Any CPU
		{A1CC8102-C5CE-4531-B8B6-DCEC15E338A1}.Release|Any CPU.ActiveCfg = Release|Any CPU
		{A1CC8102-C5CE-4531-B8B6-DCEC15E338A1}.Release|Any CPU.Build.0 = Release|Any CPU
		{A1CC8102-C5CE-4531-B8B6-DCEC15E338A1}.Release|Mixed Platforms.ActiveCfg = Release|Any CPU
		{A1CC8102-C5CE-4531-B8B6-DCEC15E338A1}.Release|Mixed Platforms.Build.0 = Release|Any CPU
		{A1CC8102-C5CE-4531-B8B6-DCEC15E338A1}.Release|x86.ActiveCfg = Release|Any CPU
		{FD23C054-0F5E-4251-8281-0820319F2C0A}.Debug|Any CPU.ActiveCfg = Debug|Any CPU
		{FD23C054-0F5E-4251-8281-0820319F2C0A}.Debug|Any CPU.Build.0 = Debug|Any CPU
		{FD23C054-0F5E-4251-8281-0820319F2C0A}.Debug|Mixed Platforms.ActiveCfg = Debug|Any CPU
		{FD23C054-0F5E-4251-8281-0820319F2C0A}.Debug|Mixed Platforms.Build.0 = Debug|Any CPU
		{FD23C054-0F5E-4251-8281-0820319F2C0A}.Debug|x86.ActiveCfg = Debug|Any CPU
		{FD23C054-0F5E-4251-8281-0820319F2C0A}.Release|Any CPU.ActiveCfg = Release|Any CPU
		{FD23C054-0F5E-4251-8281-0820319F2C0A}.Release|Any CPU.Build.0 = Release|Any CPU
		{FD23C054-0F5E-4251-8281-0820319F2C0A}.Release|Mixed Platforms.ActiveCfg = Release|Any CPU
		{FD23C054-0F5E-4251-8281-0820319F2C0A}.Release|Mixed Platforms.Build.0 = Release|Any CPU
		{FD23C054-0F5E-4251-8281-0820319F2C0A}.Release|x86.ActiveCfg = Release|Any CPU
	EndGlobalSection
	GlobalSection(SolutionProperties) = preSolution
		HideSolutionNode = FALSE
	EndGlobalSection
EndGlobal
