
Microsoft Visual Studio Solution File, Format Version 11.00
# Visual Studio 2010
Project("{FAE04EC0-301F-11D3-BF4B-00C04F79EFBC}") = "薪资管理系统", "薪资管理系统\薪资管理系统.csproj", "{42B76747-4E8E-4DAC-8E4D-328CBE0A93C2}"
EndProject
Project("{FAE04EC0-301F-11D3-BF4B-00C04F79EFBC}") = "SalarySystem.Core", "salary.common\SalarySystem.Core.csproj", "{388084F8-E14B-4B60-9580-20A74B1A5979}"
EndProject
Project("{FAE04EC0-301F-11D3-BF4B-00C04F79EFBC}") = "salary.calculator.fix", "salary.calcularor.fix\salary.calculator.fix.csproj", "{A1CC8102-C5CE-4531-B8B6-DCEC15E338A1}"
EndProject
Project("{FAE04EC0-301F-11D3-BF4B-00C04F79EFBC}") = "SalarySystem.Performance", "salary.performance\SalarySystem.Performance.csproj", "{FD23C054-0F5E-4251-8281-0820319F2C0A}"
EndProject
Project("{2150E333-8FDC-42A3-9474-1A3956D46DE8}") = "database", "database", "{4E12590C-72E8-43EA-81C7-D4CD79FF2125}"
	ProjectSection(SolutionItems) = preProject
		20160405.sql = 20160405.sql
		20160407.sql = 20160407.sql
		20160413.sql = 20160413.sql
		20160415.sql = 20160415.sql
		20160416-1.sql = 20160416-1.sql
		20160416.sql = 20160416.sql
		20160419.sql = 20160419.sql
		20160421.sql = 20160421.sql
		20160428.sql = 20160428.sql
		init_employee.sql = init_employee.sql
		init_evaluation_item_type.sql = init_evaluation_item_type.sql
		init_position.sql = init_position.sql
		intial.sql = intial.sql
		ray.DotSettings = ray.DotSettings
		resharper.DotSettings = resharper.DotSettings
	EndProjectSection
EndProject
Project("{2150E333-8FDC-42A3-9474-1A3956D46DE8}") = "design", "design", "{AFCAE4BB-D10A-4F13-8A0B-1147B9E4C39F}"
	ProjectSection(SolutionItems) = preProject
		design\岗位绩效薪酬计算办法.docx = design\岗位绩效薪酬计算办法.docx
		design\岗位绩效薪酬计算办法2.docx = design\岗位绩效薪酬计算办法2.docx
		design\绘图1.vsd = design\绘图1.vsd
		design\薪酬管理.cdb = design\薪酬管理.cdb
		design\薪酬管理.cdm = design\薪酬管理.cdm
		design\薪酬管理.ldb = design\薪酬管理.ldb
		design\薪酬管理.ldm = design\薪酬管理.ldm
		design\薪酬管理系统.prj = design\薪酬管理系统.prj
		design\薪酬管理系统需求分析.docx = design\薪酬管理系统需求分析.docx
	EndProjectSection
EndProject
Project("{2150E333-8FDC-42A3-9474-1A3956D46DE8}") = "Localization", "Localization", "{90B29D18-89E0-4900-8A88-8C7CE7420E93}"
	ProjectSection(SolutionItems) = preProject
		Localization\DevExpress.Data.v10.2.resources.dll = Localization\DevExpress.Data.v10.2.resources.dll
		Localization\DevExpress.PivotGrid.v10.2.Core.resources.dll = Localization\DevExpress.PivotGrid.v10.2.Core.resources.dll
		Localization\DevExpress.RichEdit.v10.2.Core.resources.dll = Localization\DevExpress.RichEdit.v10.2.Core.resources.dll
		Localization\DevExpress.Utils.v10.2.resources.dll = Localization\DevExpress.Utils.v10.2.resources.dll
		Localization\DevExpress.Xpf.Grid.v10.2.resources.dll = Localization\DevExpress.Xpf.Grid.v10.2.resources.dll
		Localization\DevExpress.Xpf.LayoutControl.v10.2.resources.dll = Localization\DevExpress.Xpf.LayoutControl.v10.2.resources.dll
		Localization\DevExpress.Xpf.NavBar.v10.2.resources.dll = Localization\DevExpress.Xpf.NavBar.v10.2.resources.dll
		Localization\DevExpress.Xpf.RichEdit.v10.2.resources.dll = Localization\DevExpress.Xpf.RichEdit.v10.2.resources.dll
		Localization\DevExpress.Xpo.v10.2.resources.dll = Localization\DevExpress.Xpo.v10.2.resources.dll
		Localization\DevExpress.XtraBars.v10.2.resources.dll = Localization\DevExpress.XtraBars.v10.2.resources.dll
		Localization\DevExpress.XtraCharts.v10.2.resources.dll = Localization\DevExpress.XtraCharts.v10.2.resources.dll
		Localization\DevExpress.XtraEditors.v10.2.resources.dll = Localization\DevExpress.XtraEditors.v10.2.resources.dll
		Localization\DevExpress.XtraGrid.v10.2.resources.dll = Localization\DevExpress.XtraGrid.v10.2.resources.dll
		Localization\DevExpress.XtraLayout.v10.2.resources.dll = Localization\DevExpress.XtraLayout.v10.2.resources.dll
		Localization\DevExpress.XtraNavBar.v10.2.resources.dll = Localization\DevExpress.XtraNavBar.v10.2.resources.dll
		Localization\DevExpress.XtraPrinting.v10.2.resources.dll = Localization\DevExpress.XtraPrinting.v10.2.resources.dll
		Localization\DevExpress.XtraReports.v10.2.Extensions.resources.dll = Localization\DevExpress.XtraReports.v10.2.Extensions.resources.dll
		Localization\DevExpress.XtraReports.v10.2.resources.dll = Localization\DevExpress.XtraReports.v10.2.resources.dll
		Localization\DevExpress.XtraRichEdit.v10.2.resources.dll = Localization\DevExpress.XtraRichEdit.v10.2.resources.dll
		Localization\DevExpress.XtraScheduler.v10.2.Core.resources.dll = Localization\DevExpress.XtraScheduler.v10.2.Core.resources.dll
		Localization\DevExpress.XtraScheduler.v10.2.Extensions.resources.dll = Localization\DevExpress.XtraScheduler.v10.2.Extensions.resources.dll
		Localization\DevExpress.XtraScheduler.v10.2.resources.dll = Localization\DevExpress.XtraScheduler.v10.2.resources.dll
		Localization\DevExpress.XtraSpellChecker.v10.2.resources.dll = Localization\DevExpress.XtraSpellChecker.v10.2.resources.dll
		Localization\DevExpress.XtraTreeList.v10.2.resources.dll = Localization\DevExpress.XtraTreeList.v10.2.resources.dll
		Localization\DevExpress.XtraVerticalGrid.v10.2.resources.dll = Localization\DevExpress.XtraVerticalGrid.v10.2.resources.dll
		Localization\DevExpress.XtraWizard.v10.2.resources.dll = Localization\DevExpress.XtraWizard.v10.2.resources.dll
	EndProjectSection
EndProject
Project("{FAE04EC0-301F-11D3-BF4B-00C04F79EFBC}") = "UC.Platform.Data", "UC.Platform.Data\UC.Platform.Data.csproj", "{76CFDBE4-EC84-42BE-B69C-087BF16D6BF1}"
EndProject
Project("{FAE04EC0-301F-11D3-BF4B-00C04F79EFBC}") = "UC.Platform.UI.DevExtension", "UC.Platform.UI\UC.Platform.UI.DevExtension.csproj", "{142D9E45-D317-48C2-BD14-2C3E0E4159E0}"
EndProject
Project("{FAE04EC0-301F-11D3-BF4B-00C04F79EFBC}") = "Test.DBHandler", "Test.DBHandler\Test.DBHandler.csproj", "{00AAB59F-1B97-412D-82A8-4A67B3F9859B}"
EndProject
Global
	GlobalSection(SolutionConfigurationPlatforms) = preSolution
		Debug|Any CPU = Debug|Any CPU
		Debug|Mixed Platforms = Debug|Mixed Platforms
		Debug|x64 = Debug|x64
		Debug|x86 = Debug|x86
		Release|Any CPU = Release|Any CPU
		Release|Mixed Platforms = Release|Mixed Platforms
		Release|x64 = Release|x64
		Release|x86 = Release|x86
	EndGlobalSection
	GlobalSection(ProjectConfigurationPlatforms) = postSolution
		{42B76747-4E8E-4DAC-8E4D-328CBE0A93C2}.Debug|Any CPU.ActiveCfg = Debug|x86
		{42B76747-4E8E-4DAC-8E4D-328CBE0A93C2}.Debug|Any CPU.Build.0 = Debug|x86
		{42B76747-4E8E-4DAC-8E4D-328CBE0A93C2}.Debug|Mixed Platforms.ActiveCfg = Debug|x86
		{42B76747-4E8E-4DAC-8E4D-328CBE0A93C2}.Debug|Mixed Platforms.Build.0 = Debug|x86
		{42B76747-4E8E-4DAC-8E4D-328CBE0A93C2}.Debug|x64.ActiveCfg = Debug|x64
		{42B76747-4E8E-4DAC-8E4D-328CBE0A93C2}.Debug|x64.Build.0 = Debug|x64
		{42B76747-4E8E-4DAC-8E4D-328CBE0A93C2}.Debug|x86.ActiveCfg = Debug|x86
		{42B76747-4E8E-4DAC-8E4D-328CBE0A93C2}.Debug|x86.Build.0 = Debug|x86
		{42B76747-4E8E-4DAC-8E4D-328CBE0A93C2}.Release|Any CPU.ActiveCfg = Release|x86
		{42B76747-4E8E-4DAC-8E4D-328CBE0A93C2}.Release|Mixed Platforms.ActiveCfg = Release|x86
		{42B76747-4E8E-4DAC-8E4D-328CBE0A93C2}.Release|Mixed Platforms.Build.0 = Release|x86
		{42B76747-4E8E-4DAC-8E4D-328CBE0A93C2}.Release|x64.ActiveCfg = Release|x64
		{42B76747-4E8E-4DAC-8E4D-328CBE0A93C2}.Release|x64.Build.0 = Release|x64
		{42B76747-4E8E-4DAC-8E4D-328CBE0A93C2}.Release|x86.ActiveCfg = Release|x86
		{42B76747-4E8E-4DAC-8E4D-328CBE0A93C2}.Release|x86.Build.0 = Release|x86
		{388084F8-E14B-4B60-9580-20A74B1A5979}.Debug|Any CPU.ActiveCfg = Debug|Any CPU
		{388084F8-E14B-4B60-9580-20A74B1A5979}.Debug|Any CPU.Build.0 = Debug|Any CPU
		{388084F8-E14B-4B60-9580-20A74B1A5979}.Debug|Mixed Platforms.ActiveCfg = Debug|Any CPU
		{388084F8-E14B-4B60-9580-20A74B1A5979}.Debug|Mixed Platforms.Build.0 = Debug|Any CPU
		{388084F8-E14B-4B60-9580-20A74B1A5979}.Debug|x64.ActiveCfg = Debug|Any CPU
		{388084F8-E14B-4B60-9580-20A74B1A5979}.Debug|x86.ActiveCfg = Debug|Any CPU
		{388084F8-E14B-4B60-9580-20A74B1A5979}.Release|Any CPU.ActiveCfg = Release|Any CPU
		{388084F8-E14B-4B60-9580-20A74B1A5979}.Release|Any CPU.Build.0 = Release|Any CPU
		{388084F8-E14B-4B60-9580-20A74B1A5979}.Release|Mixed Platforms.ActiveCfg = Release|Any CPU
		{388084F8-E14B-4B60-9580-20A74B1A5979}.Release|Mixed Platforms.Build.0 = Release|Any CPU
		{388084F8-E14B-4B60-9580-20A74B1A5979}.Release|x64.ActiveCfg = Release|Any CPU
		{388084F8-E14B-4B60-9580-20A74B1A5979}.Release|x86.ActiveCfg = Release|Any CPU
		{A1CC8102-C5CE-4531-B8B6-DCEC15E338A1}.Debug|Any CPU.ActiveCfg = Debug|Any CPU
		{A1CC8102-C5CE-4531-B8B6-DCEC15E338A1}.Debug|Any CPU.Build.0 = Debug|Any CPU
		{A1CC8102-C5CE-4531-B8B6-DCEC15E338A1}.Debug|Mixed Platforms.ActiveCfg = Debug|Any CPU
		{A1CC8102-C5CE-4531-B8B6-DCEC15E338A1}.Debug|Mixed Platforms.Build.0 = Debug|Any CPU
		{A1CC8102-C5CE-4531-B8B6-DCEC15E338A1}.Debug|x64.ActiveCfg = Debug|Any CPU
		{A1CC8102-C5CE-4531-B8B6-DCEC15E338A1}.Debug|x86.ActiveCfg = Debug|Any CPU
		{A1CC8102-C5CE-4531-B8B6-DCEC15E338A1}.Release|Any CPU.ActiveCfg = Release|Any CPU
		{A1CC8102-C5CE-4531-B8B6-DCEC15E338A1}.Release|Any CPU.Build.0 = Release|Any CPU
		{A1CC8102-C5CE-4531-B8B6-DCEC15E338A1}.Release|Mixed Platforms.ActiveCfg = Release|Any CPU
		{A1CC8102-C5CE-4531-B8B6-DCEC15E338A1}.Release|Mixed Platforms.Build.0 = Release|Any CPU
		{A1CC8102-C5CE-4531-B8B6-DCEC15E338A1}.Release|x64.ActiveCfg = Release|Any CPU
		{A1CC8102-C5CE-4531-B8B6-DCEC15E338A1}.Release|x86.ActiveCfg = Release|Any CPU
		{FD23C054-0F5E-4251-8281-0820319F2C0A}.Debug|Any CPU.ActiveCfg = Debug|Any CPU
		{FD23C054-0F5E-4251-8281-0820319F2C0A}.Debug|Any CPU.Build.0 = Debug|Any CPU
		{FD23C054-0F5E-4251-8281-0820319F2C0A}.Debug|Mixed Platforms.ActiveCfg = Debug|Any CPU
		{FD23C054-0F5E-4251-8281-0820319F2C0A}.Debug|Mixed Platforms.Build.0 = Debug|Any CPU
		{FD23C054-0F5E-4251-8281-0820319F2C0A}.Debug|x64.ActiveCfg = Debug|Any CPU
		{FD23C054-0F5E-4251-8281-0820319F2C0A}.Debug|x86.ActiveCfg = Debug|Any CPU
		{FD23C054-0F5E-4251-8281-0820319F2C0A}.Release|Any CPU.ActiveCfg = Release|Any CPU
		{FD23C054-0F5E-4251-8281-0820319F2C0A}.Release|Any CPU.Build.0 = Release|Any CPU
		{FD23C054-0F5E-4251-8281-0820319F2C0A}.Release|Mixed Platforms.ActiveCfg = Release|Any CPU
		{FD23C054-0F5E-4251-8281-0820319F2C0A}.Release|Mixed Platforms.Build.0 = Release|Any CPU
		{FD23C054-0F5E-4251-8281-0820319F2C0A}.Release|x64.ActiveCfg = Release|Any CPU
		{FD23C054-0F5E-4251-8281-0820319F2C0A}.Release|x86.ActiveCfg = Release|Any CPU
		{76CFDBE4-EC84-42BE-B69C-087BF16D6BF1}.Debug|Any CPU.ActiveCfg = Debug|Any CPU
		{76CFDBE4-EC84-42BE-B69C-087BF16D6BF1}.Debug|Any CPU.Build.0 = Debug|Any CPU
		{76CFDBE4-EC84-42BE-B69C-087BF16D6BF1}.Debug|Mixed Platforms.ActiveCfg = Debug|Any CPU
		{76CFDBE4-EC84-42BE-B69C-087BF16D6BF1}.Debug|Mixed Platforms.Build.0 = Debug|Any CPU
		{76CFDBE4-EC84-42BE-B69C-087BF16D6BF1}.Debug|x64.ActiveCfg = Debug|Any CPU
		{76CFDBE4-EC84-42BE-B69C-087BF16D6BF1}.Debug|x86.ActiveCfg = Debug|Any CPU
		{76CFDBE4-EC84-42BE-B69C-087BF16D6BF1}.Release|Any CPU.ActiveCfg = Release|Any CPU
		{76CFDBE4-EC84-42BE-B69C-087BF16D6BF1}.Release|Any CPU.Build.0 = Release|Any CPU
		{76CFDBE4-EC84-42BE-B69C-087BF16D6BF1}.Release|Mixed Platforms.ActiveCfg = Release|Any CPU
		{76CFDBE4-EC84-42BE-B69C-087BF16D6BF1}.Release|Mixed Platforms.Build.0 = Release|Any CPU
		{76CFDBE4-EC84-42BE-B69C-087BF16D6BF1}.Release|x64.ActiveCfg = Release|Any CPU
		{76CFDBE4-EC84-42BE-B69C-087BF16D6BF1}.Release|x86.ActiveCfg = Release|Any CPU
		{142D9E45-D317-48C2-BD14-2C3E0E4159E0}.Debug|Any CPU.ActiveCfg = Debug|Any CPU
		{142D9E45-D317-48C2-BD14-2C3E0E4159E0}.Debug|Any CPU.Build.0 = Debug|Any CPU
		{142D9E45-D317-48C2-BD14-2C3E0E4159E0}.Debug|Mixed Platforms.ActiveCfg = Debug|Any CPU
		{142D9E45-D317-48C2-BD14-2C3E0E4159E0}.Debug|Mixed Platforms.Build.0 = Debug|Any CPU
		{142D9E45-D317-48C2-BD14-2C3E0E4159E0}.Debug|x64.ActiveCfg = Debug|Any CPU
		{142D9E45-D317-48C2-BD14-2C3E0E4159E0}.Debug|x86.ActiveCfg = Debug|Any CPU
		{142D9E45-D317-48C2-BD14-2C3E0E4159E0}.Release|Any CPU.ActiveCfg = Release|Any CPU
		{142D9E45-D317-48C2-BD14-2C3E0E4159E0}.Release|Any CPU.Build.0 = Release|Any CPU
		{142D9E45-D317-48C2-BD14-2C3E0E4159E0}.Release|Mixed Platforms.ActiveCfg = Release|Any CPU
		{142D9E45-D317-48C2-BD14-2C3E0E4159E0}.Release|Mixed Platforms.Build.0 = Release|Any CPU
		{142D9E45-D317-48C2-BD14-2C3E0E4159E0}.Release|x64.ActiveCfg = Release|Any CPU
		{142D9E45-D317-48C2-BD14-2C3E0E4159E0}.Release|x86.ActiveCfg = Release|Any CPU
		{00AAB59F-1B97-412D-82A8-4A67B3F9859B}.Debug|Any CPU.ActiveCfg = Debug|x86
		{00AAB59F-1B97-412D-82A8-4A67B3F9859B}.Debug|Mixed Platforms.ActiveCfg = Debug|x86
		{00AAB59F-1B97-412D-82A8-4A67B3F9859B}.Debug|Mixed Platforms.Build.0 = Debug|x86
		{00AAB59F-1B97-412D-82A8-4A67B3F9859B}.Debug|x64.ActiveCfg = Debug|x86
		{00AAB59F-1B97-412D-82A8-4A67B3F9859B}.Debug|x86.ActiveCfg = Debug|x86
		{00AAB59F-1B97-412D-82A8-4A67B3F9859B}.Debug|x86.Build.0 = Debug|x86
		{00AAB59F-1B97-412D-82A8-4A67B3F9859B}.Release|Any CPU.ActiveCfg = Release|x86
		{00AAB59F-1B97-412D-82A8-4A67B3F9859B}.Release|Mixed Platforms.ActiveCfg = Release|x86
		{00AAB59F-1B97-412D-82A8-4A67B3F9859B}.Release|Mixed Platforms.Build.0 = Release|x86
		{00AAB59F-1B97-412D-82A8-4A67B3F9859B}.Release|x64.ActiveCfg = Release|x86
		{00AAB59F-1B97-412D-82A8-4A67B3F9859B}.Release|x86.ActiveCfg = Release|x86
		{00AAB59F-1B97-412D-82A8-4A67B3F9859B}.Release|x86.Build.0 = Release|x86
	EndGlobalSection
	GlobalSection(SolutionProperties) = preSolution
		HideSolutionNode = FALSE
	EndGlobalSection
	GlobalSection(NestedProjects) = preSolution
		{AFCAE4BB-D10A-4F13-8A0B-1147B9E4C39F} = {4E12590C-72E8-43EA-81C7-D4CD79FF2125}
	EndGlobalSection
EndGlobal
